
Microsoft Visual Studio Solution File, Format Version 12.00
# Visual Studio Version 16
VisualStudioVersion = 16.0.30709.132
MinimumVisualStudioVersion = 10.0.40219.1
Project("{9A19103F-16F7-4668-BE54-9A1E7A4F7556}") = "Apartment.App", "Apartment.App\Apartment.App.csproj", "{259E294E-EA22-4883-AF6E-3327EE407FF8}"
EndProject
Project("{9A19103F-16F7-4668-BE54-9A1E7A4F7556}") = "Apartment.Core", "Apartment.Core\Apartment.Core.csproj", "{81A7D245-264C-4A9D-8901-041F21D841D6}"
EndProject
Project("{9A19103F-16F7-4668-BE54-9A1E7A4F7556}") = "Apartment.DataProvider.Avito", "Apartment.DataProvider.Avito\Apartment.DataProvider.Avito.csproj", "{42A68490-9F2B-46E1-A00B-D07BDA3ABCDC}"
EndProject
Project("{9A19103F-16F7-4668-BE54-9A1E7A4F7556}") = "Apartment.Options", "Apartment.Options\Apartment.Options.csproj", "{184D6D8A-26B7-4EE7-B3C7-03A845620C9E}"
EndProject
Project("{9A19103F-16F7-4668-BE54-9A1E7A4F7556}") = "Apartment.DataProvider", "Apartment.DataProvider\Apartment.DataProvider.csproj", "{5E30C5B5-90DC-4167-84AE-6C834A92DF93}"
EndProject
Project("{9A19103F-16F7-4668-BE54-9A1E7A4F7556}") = "Apartment.Data", "Apartment.Data\Apartment.Data.csproj", "{ECC43D6A-4077-44CE-AD76-22ECD132D4D9}"
EndProject
Project("{9A19103F-16F7-4668-BE54-9A1E7A4F7556}") = "Apartment.MonitorService", "Apartment.MonitorService\Apartment.MonitorService.csproj", "{8B2F4D20-F5C5-4C14-9557-87A187CF08B8}"
EndProject
Project("{9A19103F-16F7-4668-BE54-9A1E7A4F7556}") = "Apartment.Common", "Apartment.Common\Apartment.Common.csproj", "{114C3C0F-4744-4717-B6CF-360E155889FC}"
EndProject
Project("{9A19103F-16F7-4668-BE54-9A1E7A4F7556}") = "DifferencesSearch", "DifferencesSearch\DifferencesSearch.csproj", "{630C7FFE-F01B-4F43-B59D-CF46BA5789FF}"
EndProject
Project("{FAE04EC0-301F-11D3-BF4B-00C04F79EFBC}") = "Apartment.Tests", "Apartment.Tests\Apartment.Tests.csproj", "{34149F32-FE61-4FA7-8B33-A4F91DC8C9E4}"
EndProject
Project("{2150E333-8FDC-42A3-9474-1A3956D46DE8}") = "Utils", "Utils", "{645BB86C-298C-44D6-8558-2DA21B71DF96}"
EndProject
Project("{FAE04EC0-301F-11D3-BF4B-00C04F79EFBC}") = "Apartment.Utils.DataMigrator", "Utils\Apartment.Utils.DataMigrator\Apartment.Utils.DataMigrator.csproj", "{B3974419-6067-42BB-BB5C-28DAE0FEF70A}"
EndProject
Global
	GlobalSection(SolutionConfigurationPlatforms) = preSolution
		Debug|Any CPU = Debug|Any CPU
		Release|Any CPU = Release|Any CPU
	EndGlobalSection
	GlobalSection(ProjectConfigurationPlatforms) = postSolution
		{259E294E-EA22-4883-AF6E-3327EE407FF8}.Debug|Any CPU.ActiveCfg = Debug|Any CPU
		{259E294E-EA22-4883-AF6E-3327EE407FF8}.Debug|Any CPU.Build.0 = Debug|Any CPU
		{259E294E-EA22-4883-AF6E-3327EE407FF8}.Release|Any CPU.ActiveCfg = Release|Any CPU
		{259E294E-EA22-4883-AF6E-3327EE407FF8}.Release|Any CPU.Build.0 = Release|Any CPU
		{81A7D245-264C-4A9D-8901-041F21D841D6}.Debug|Any CPU.ActiveCfg = Debug|Any CPU
		{81A7D245-264C-4A9D-8901-041F21D841D6}.Debug|Any CPU.Build.0 = Debug|Any CPU
		{81A7D245-264C-4A9D-8901-041F21D841D6}.Release|Any CPU.ActiveCfg = Release|Any CPU
		{81A7D245-264C-4A9D-8901-041F21D841D6}.Release|Any CPU.Build.0 = Release|Any CPU
		{42A68490-9F2B-46E1-A00B-D07BDA3ABCDC}.Debug|Any CPU.ActiveCfg = Debug|Any CPU
		{42A68490-9F2B-46E1-A00B-D07BDA3ABCDC}.Debug|Any CPU.Build.0 = Debug|Any CPU
		{42A68490-9F2B-46E1-A00B-D07BDA3ABCDC}.Release|Any CPU.ActiveCfg = Release|Any CPU
		{42A68490-9F2B-46E1-A00B-D07BDA3ABCDC}.Release|Any CPU.Build.0 = Release|Any CPU
		{184D6D8A-26B7-4EE7-B3C7-03A845620C9E}.Debug|Any CPU.ActiveCfg = Debug|Any CPU
		{184D6D8A-26B7-4EE7-B3C7-03A845620C9E}.Debug|Any CPU.Build.0 = Debug|Any CPU
		{184D6D8A-26B7-4EE7-B3C7-03A845620C9E}.Release|Any CPU.ActiveCfg = Release|Any CPU
		{184D6D8A-26B7-4EE7-B3C7-03A845620C9E}.Release|Any CPU.Build.0 = Release|Any CPU
		{5E30C5B5-90DC-4167-84AE-6C834A92DF93}.Debug|Any CPU.ActiveCfg = Debug|Any CPU
		{5E30C5B5-90DC-4167-84AE-6C834A92DF93}.Debug|Any CPU.Build.0 = Debug|Any CPU
		{5E30C5B5-90DC-4167-84AE-6C834A92DF93}.Release|Any CPU.ActiveCfg = Release|Any CPU
		{5E30C5B5-90DC-4167-84AE-6C834A92DF93}.Release|Any CPU.Build.0 = Release|Any CPU
		{ECC43D6A-4077-44CE-AD76-22ECD132D4D9}.Debug|Any CPU.ActiveCfg = Debug|Any CPU
		{ECC43D6A-4077-44CE-AD76-22ECD132D4D9}.Debug|Any CPU.Build.0 = Debug|Any CPU
		{ECC43D6A-4077-44CE-AD76-22ECD132D4D9}.Release|Any CPU.ActiveCfg = Release|Any CPU
		{ECC43D6A-4077-44CE-AD76-22ECD132D4D9}.Release|Any CPU.Build.0 = Release|Any CPU
		{8B2F4D20-F5C5-4C14-9557-87A187CF08B8}.Debug|Any CPU.ActiveCfg = Debug|Any CPU
		{8B2F4D20-F5C5-4C14-9557-87A187CF08B8}.Debug|Any CPU.Build.0 = Debug|Any CPU
		{8B2F4D20-F5C5-4C14-9557-87A187CF08B8}.Release|Any CPU.ActiveCfg = Release|Any CPU
		{8B2F4D20-F5C5-4C14-9557-87A187CF08B8}.Release|Any CPU.Build.0 = Release|Any CPU
		{114C3C0F-4744-4717-B6CF-360E155889FC}.Debug|Any CPU.ActiveCfg = Debug|Any CPU
		{114C3C0F-4744-4717-B6CF-360E155889FC}.Debug|Any CPU.Build.0 = Debug|Any CPU
		{114C3C0F-4744-4717-B6CF-360E155889FC}.Release|Any CPU.ActiveCfg = Release|Any CPU
		{114C3C0F-4744-4717-B6CF-360E155889FC}.Release|Any CPU.Build.0 = Release|Any CPU
		{630C7FFE-F01B-4F43-B59D-CF46BA5789FF}.Debug|Any CPU.ActiveCfg = Debug|Any CPU
		{630C7FFE-F01B-4F43-B59D-CF46BA5789FF}.Debug|Any CPU.Build.0 = Debug|Any CPU
		{630C7FFE-F01B-4F43-B59D-CF46BA5789FF}.Release|Any CPU.ActiveCfg = Release|Any CPU
		{630C7FFE-F01B-4F43-B59D-CF46BA5789FF}.Release|Any CPU.Build.0 = Release|Any CPU
		{34149F32-FE61-4FA7-8B33-A4F91DC8C9E4}.Debug|Any CPU.ActiveCfg = Debug|Any CPU
		{34149F32-FE61-4FA7-8B33-A4F91DC8C9E4}.Debug|Any CPU.Build.0 = Debug|Any CPU
		{34149F32-FE61-4FA7-8B33-A4F91DC8C9E4}.Release|Any CPU.ActiveCfg = Release|Any CPU
		{34149F32-FE61-4FA7-8B33-A4F91DC8C9E4}.Release|Any CPU.Build.0 = Release|Any CPU
		{B3974419-6067-42BB-BB5C-28DAE0FEF70A}.Debug|Any CPU.ActiveCfg = Debug|Any CPU
		{B3974419-6067-42BB-BB5C-28DAE0FEF70A}.Debug|Any CPU.Build.0 = Debug|Any CPU
		{B3974419-6067-42BB-BB5C-28DAE0FEF70A}.Release|Any CPU.ActiveCfg = Release|Any CPU
		{B3974419-6067-42BB-BB5C-28DAE0FEF70A}.Release|Any CPU.Build.0 = Release|Any CPU
	EndGlobalSection
	GlobalSection(SolutionProperties) = preSolution
		HideSolutionNode = FALSE
	EndGlobalSection
	GlobalSection(NestedProjects) = preSolution
		{B3974419-6067-42BB-BB5C-28DAE0FEF70A} = {645BB86C-298C-44D6-8558-2DA21B71DF96}
	EndGlobalSection
	GlobalSection(ExtensibilityGlobals) = postSolution
		SolutionGuid = {E829B833-8C52-4E07-A5B6-490690CBC9CA}
	EndGlobalSection
EndGlobal
